
Microsoft Visual Studio Solution File, Format Version 12.00
# Visual Studio 14
VisualStudioVersion = 14.0.23107.0
MinimumVisualStudioVersion = 10.0.40219.1
Project("{FAE04EC0-301F-11D3-BF4B-00C04F79EFBC}") = "Noah-1st-program", "Noah-1st-program\Noah-1st-program.csproj", "{676F9616-60CA-4F76-9E61-8E965AFFACCF}"
EndProject
Global
	GlobalSection(SolutionConfigurationPlatforms) = preSolution
		Debug|Any CPU = Debug|Any CPU
		Release|Any CPU = Release|Any CPU
	EndGlobalSection
	GlobalSection(ProjectConfigurationPlatforms) = postSolution
		{676F9616-60CA-4F76-9E61-8E965AFFACCF}.Debug|Any CPU.ActiveCfg = Debug|Any CPU
		{676F9616-60CA-4F76-9E61-8E965AFFACCF}.Debug|Any CPU.Build.0 = Debug|Any CPU
		{676F9616-60CA-4F76-9E61-8E965AFFACCF}.Release|Any CPU.ActiveCfg = Release|Any CPU
		{676F9616-60CA-4F76-9E61-8E965AFFACCF}.Release|Any CPU.Build.0 = Release|Any CPU
	EndGlobalSection
	GlobalSection(SolutionProperties) = preSolution
		HideSolutionNode = FALSE
	EndGlobalSection
EndGlobal
