
Microsoft Visual Studio Solution File, Format Version 12.00
# Visual Studio 14
VisualStudioVersion = 14.0.23107.0
MinimumVisualStudioVersion = 10.0.40219.1
Project("{FAE04EC0-301F-11D3-BF4B-00C04F79EFBC}") = "NASTester", "NASTester.csproj", "{60FA622D-956F-432F-8C07-5C5649D4D473}"
EndProject
Global
	GlobalSection(SolutionConfigurationPlatforms) = preSolution
		Debug|x86 = Debug|x86
		Release|x86 = Release|x86
	EndGlobalSection
	GlobalSection(ProjectConfigurationPlatforms) = postSolution
		{60FA622D-956F-432F-8C07-5C5649D4D473}.Debug|x86.ActiveCfg = Debug|x86
		{60FA622D-956F-432F-8C07-5C5649D4D473}.Debug|x86.Build.0 = Debug|x86
		{60FA622D-956F-432F-8C07-5C5649D4D473}.Release|x86.ActiveCfg = Release|x86
		{60FA622D-956F-432F-8C07-5C5649D4D473}.Release|x86.Build.0 = Release|x86
	EndGlobalSection
	GlobalSection(SolutionProperties) = preSolution
		HideSolutionNode = FALSE
	EndGlobalSection
EndGlobal
